
Microsoft Visual Studio Solution File, Format Version 12.00
# Visual Studio Version 16
VisualStudioVersion = 16.0.33423.256
MinimumVisualStudioVersion = 10.0.40219.1
Project("{8BC9CEB8-8B4A-11D0-8D11-00A0C91BC942}") = "Extended_example_x86_inline_assembly", "Extended_example_x86_inline_assembly\Extended_example_x86_inline_assembly.vcxproj", "{A7926681-4A80-49C6-9D99-517EDA9512CB}"
EndProject
Global
	GlobalSection(SolutionConfigurationPlatforms) = preSolution
		Debug|x64 = Debug|x64
		Debug|x86 = Debug|x86
		Release|x64 = Release|x64
		Release|x86 = Release|x86
	EndGlobalSection
	GlobalSection(ProjectConfigurationPlatforms) = postSolution
		{A7926681-4A80-49C6-9D99-517EDA9512CB}.Debug|x64.ActiveCfg = Debug|x64
		{A7926681-4A80-49C6-9D99-517EDA9512CB}.Debug|x64.Build.0 = Debug|x64
		{A7926681-4A80-49C6-9D99-517EDA9512CB}.Debug|x86.ActiveCfg = Debug|Win32
		{A7926681-4A80-49C6-9D99-517EDA9512CB}.Debug|x86.Build.0 = Debug|Win32
		{A7926681-4A80-49C6-9D99-517EDA9512CB}.Release|x64.ActiveCfg = Release|x64
		{A7926681-4A80-49C6-9D99-517EDA9512CB}.Release|x64.Build.0 = Release|x64
		{A7926681-4A80-49C6-9D99-517EDA9512CB}.Release|x86.ActiveCfg = Release|Win32
		{A7926681-4A80-49C6-9D99-517EDA9512CB}.Release|x86.Build.0 = Release|Win32
	EndGlobalSection
	GlobalSection(SolutionProperties) = preSolution
		HideSolutionNode = FALSE
	EndGlobalSection
	GlobalSection(ExtensibilityGlobals) = postSolution
		SolutionGuid = {4135BDA1-75B9-42BB-9295-FEA58BA77BAC}
	EndGlobalSection
EndGlobal
